
Microsoft Visual Studio Solution File, Format Version 12.00
# Visual Studio 15
VisualStudioVersion = 15.0.26730.3
MinimumVisualStudioVersion = 10.0.40219.1
Project("{151D2E53-A2C4-4D7D-83FE-D05416EBD58E}") = "arm-eventgrid-webhook", "arm-eventgrid-webhook.deployproj", "{ECC8A442-7F06-4D70-9084-6E3334EFA311}"
EndProject
Global
	GlobalSection(SolutionConfigurationPlatforms) = preSolution
		Debug|Any CPU = Debug|Any CPU
		Release|Any CPU = Release|Any CPU
	EndGlobalSection
	GlobalSection(ProjectConfigurationPlatforms) = postSolution
		{ECC8A442-7F06-4D70-9084-6E3334EFA311}.Debug|Any CPU.ActiveCfg = Debug|Any CPU
		{ECC8A442-7F06-4D70-9084-6E3334EFA311}.Debug|Any CPU.Build.0 = Debug|Any CPU
		{ECC8A442-7F06-4D70-9084-6E3334EFA311}.Release|Any CPU.ActiveCfg = Release|Any CPU
		{ECC8A442-7F06-4D70-9084-6E3334EFA311}.Release|Any CPU.Build.0 = Release|Any CPU
	EndGlobalSection
	GlobalSection(SolutionProperties) = preSolution
		HideSolutionNode = FALSE
	EndGlobalSection
	GlobalSection(ExtensibilityGlobals) = postSolution
		SolutionGuid = {ADD872A0-9B0F-4032-B0C6-878D5A404B11}
	EndGlobalSection
EndGlobal
